{
  "name": "Susan-BookStore",
  "lockfileVersion": 3,
  "requires": true,
  "packages": {
    "": {
      "dependencies": {
        "better-queue": "^3.8.12"
      },
      "devDependencies": {
        "@types/better-queue": "^3.8.6"
      }
    },
    "node_modules/@types/better-queue": {
      "version": "3.8.6",
      "resolved": "https://registry.npmjs.org/@types/better-queue/-/better-queue-3.8.6.tgz",
      "integrity": "sha512-iC8L2LmVwgA0lcfrw9bLt0qQ8BVs2HOK/c2vtUnqQvoltMGn1GQ4OQChZFLRSx9AXgtdF6FDVsGDqyaV/urChw==",
      "dev": true,
      "license": "MIT",
      "dependencies": {
        "@types/node": "*"
      }
    },
    "node_modules/@types/node": {
      "version": "22.10.1",
      "resolved": "https://registry.npmjs.org/@types/node/-/node-22.10.1.tgz",
      "integrity": "sha512-qKgsUwfHZV2WCWLAnVP1JqnpE6Im6h3Y0+fYgMTasNQ7V++CBX5OT1as0g0f+OyubbFqhf6XVNIsmN4IIhEgGQ==",
      "dev": true,
      "license": "MIT",
      "dependencies": {
        "undici-types": "~6.20.0"
      }
    },
    "node_modules/better-queue": {
      "version": "3.8.12",
      "resolved": "https://registry.npmjs.org/better-queue/-/better-queue-3.8.12.tgz",
      "integrity": "sha512-D9KZ+Us+2AyaCz693/9AyjTg0s8hEmkiM/MB3i09cs4MdK1KgTSGJluXRYmOulR69oLZVo2XDFtqsExDt8oiLA==",
      "license": "MIT",
      "dependencies": {
        "better-queue-memory": "^1.0.1",
        "node-eta": "^0.9.0",
        "uuid": "^9.0.0"
      }
    },
    "node_modules/better-queue-memory": {
      "version": "1.0.4",
      "resolved": "https://registry.npmjs.org/better-queue-memory/-/better-queue-memory-1.0.4.tgz",
      "integrity": "sha512-SWg5wFIShYffEmJpI6LgbL8/3Dqhku7xI1oEiy6FroP9DbcZlG0ZDjxvPdP9t7hTGW40IpIcC6zVoGT1oxjOuA==",
      "license": "MIT"
    },
    "node_modules/node-eta": {
      "version": "0.9.0",
      "resolved": "https://registry.npmjs.org/node-eta/-/node-eta-0.9.0.tgz",
      "integrity": "sha512-mTCTZk29tmX1OGfVkPt63H3c3VqXrI2Kvua98S7iUIB/Gbp0MNw05YtUomxQIxnnKMyRIIuY9izPcFixzhSBrA==",
      "license": "MIT"
    },
    "node_modules/undici-types": {
      "version": "6.20.0",
      "resolved": "https://registry.npmjs.org/undici-types/-/undici-types-6.20.0.tgz",
      "integrity": "sha512-Ny6QZ2Nju20vw1SRHe3d9jVu6gJ+4e3+MMpqu7pqE5HT6WsTSlce++GQmK5UXS8mzV8DSYHrQH+Xrf2jVcuKNg==",
      "dev": true,
      "license": "MIT"
    },
    "node_modules/uuid": {
      "version": "9.0.1",
      "resolved": "https://registry.npmjs.org/uuid/-/uuid-9.0.1.tgz",
      "integrity": "sha512-b+1eJOlsR9K8HJpow9Ok3fiWOWSIcIzXodvv0rQjVoOVNpWMpxf1wZNpt4y9h10odCNrqnYp1OBzRktckBe3sA==",
      "funding": [
        "https://github.com/sponsors/broofa",
        "https://github.com/sponsors/ctavan"
      ],
      "license": "MIT",
      "bin": {
        "uuid": "dist/bin/uuid"
      }
    }
  }
}
